// !$*UTF8*$!
{
	archiveVersion = 1;
	classes = {
	};
	objectVersion = 46;
	objects = {

/* Begin PBXBuildFile section */
		BC2CB00F1E1B9A46002AFF6B /* main.m in Sources */ = {isa = PBXBuildFile; fileRef = BC2CB00E1E1B9A46002AFF6B /* main.m */; };
		BC2CB0121E1B9A46002AFF6B /* AppDelegate.m in Sources */ = {isa = PBXBuildFile; fileRef = BC2CB0111E1B9A46002AFF6B /* AppDelegate.m */; };
		BC2CB0151E1B9A46002AFF6B /* ViewController.m in Sources */ = {isa = PBXBuildFile; fileRef = BC2CB0141E1B9A46002AFF6B /* ViewController.m */; };
		BC2CB0181E1B9A46002AFF6B /* Main.storyboard in Resources */ = {isa = PBXBuildFile; fileRef = BC2CB0161E1B9A46002AFF6B /* Main.storyboard */; };
		BC2CB01A1E1B9A47002AFF6B /* Assets.xcassets in Resources */ = {isa = PBXBuildFile; fileRef = BC2CB0191E1B9A47002AFF6B /* Assets.xcassets */; };
		BC2CB01D1E1B9A47002AFF6B /* LaunchScreen.storyboard in Resources */ = {isa = PBXBuildFile; fileRef = BC2CB01B1E1B9A47002AFF6B /* LaunchScreen.storyboard */; };
		BC2CB0281E1B9A48002AFF6B /* ggliLiveTests.m in Sources */ = {isa = PBXBuildFile; fileRef = BC2CB0271E1B9A48002AFF6B /* ggliLiveTests.m */; };
		BC2CB0331E1B9A48002AFF6B /* ggliLiveUITests.m in Sources */ = {isa = PBXBuildFile; fileRef = BC2CB0321E1B9A48002AFF6B /* ggliLiveUITests.m */; };
/* End PBXBuildFile section */

/* Begin PBXContainerItemProxy section */
		BC2CB0241E1B9A48002AFF6B /* PBXContainerItemProxy */ = {
			isa = PBXContainerItemProxy;
			containerPortal = BC2CB0021E1B9A45002AFF6B /* Project object */;
			proxyType = 1;
			remoteGlobalIDString = BC2CB0091E1B9A46002AFF6B;
			remoteInfo = ggliLive;
		};
		BC2CB02F1E1B9A48002AFF6B /* PBXContainerItemProxy */ = {
			isa = PBXContainerItemProxy;
			containerPortal = BC2CB0021E1B9A45002AFF6B /* Project object */;
			proxyType = 1;
			remoteGlobalIDString = BC2CB0091E1B9A46002AFF6B;
			remoteInfo = ggliLive;
		};
/* End PBXContainerItemProxy section */

/* Begin PBXFileReference section */
		BC2CB00A1E1B9A46002AFF6B /* ggliLive.app */ = {isa = PBXFileReference; explicitFileType = wrapper.application; includeInIndex = 0; path = ggliLive.app; sourceTree = BUILT_PRODUCTS_DIR; };
		BC2CB00E1E1B9A46002AFF6B /* main.m */ = {isa = PBXFileReference; lastKnownFileType = sourcecode.c.objc; path = main.m; sourceTree = "<group>"; };
		BC2CB0101E1B9A46002AFF6B /* AppDelegate.h */ = {isa = PBXFileReference; lastKnownFileType = sourcecode.c.h; path = AppDelegate.h; sourceTree = "<group>"; };
		BC2CB0111E1B9A46002AFF6B /* AppDelegate.m */ = {isa = PBXFileReference; lastKnownFileType = sourcecode.c.objc; path = AppDelegate.m; sourceTree = "<group>"; };
		BC2CB0131E1B9A46002AFF6B /* ViewController.h */ = {isa = PBXFileReference; lastKnownFileType = sourcecode.c.h; path = ViewController.h; sourceTree = "<group>"; };
		BC2CB0141E1B9A46002AFF6B /* ViewController.m */ = {isa = PBXFileReference; lastKnownFileType = sourcecode.c.objc; path = ViewController.m; sourceTree = "<group>"; };
		BC2CB0171E1B9A46002AFF6B /* Base */ = {isa = PBXFileReference; lastKnownFileType = file.storyboard; name = Base; path = Base.lproj/Main.storyboard; sourceTree = "<group>"; };
		BC2CB0191E1B9A47002AFF6B /* Assets.xcassets */ = {isa = PBXFileReference; lastKnownFileType = folder.assetcatalog; path = Assets.xcassets; sourceTree = "<group>"; };
		BC2CB01C1E1B9A47002AFF6B /* Base */ = {isa = PBXFileReference; lastKnownFileType = file.storyboard; name = Base; path = Base.lproj/LaunchScreen.storyboard; sourceTree = "<group>"; };
		BC2CB01E1E1B9A47002AFF6B /* Info.plist */ = {isa = PBXFileReference; lastKnownFileType = text.plist.xml; path = Info.plist; sourceTree = "<group>"; };
		BC2CB0231E1B9A48002AFF6B /* ggliLiveTests.xctest */ = {isa = PBXFileReference; explicitFileType = wrapper.cfbundle; includeInIndex = 0; path = ggliLiveTests.xctest; sourceTree = BUILT_PRODUCTS_DIR; };
		BC2CB0271E1B9A48002AFF6B /* ggliLiveTests.m */ = {isa = PBXFileReference; lastKnownFileType = sourcecode.c.objc; path = ggliLiveTests.m; sourceTree = "<group>"; };
		BC2CB0291E1B9A48002AFF6B /* Info.plist */ = {isa = PBXFileReference; lastKnownFileType = text.plist.xml; path = Info.plist; sourceTree = "<group>"; };
		BC2CB02E1E1B9A48002AFF6B /* ggliLiveUITests.xctest */ = {isa = PBXFileReference; explicitFileType = wrapper.cfbundle; includeInIndex = 0; path = ggliLiveUITests.xctest; sourceTree = BUILT_PRODUCTS_DIR; };
		BC2CB0321E1B9A48002AFF6B /* ggliLiveUITests.m */ = {isa = PBXFileReference; lastKnownFileType = sourcecode.c.objc; path = ggliLiveUITests.m; sourceTree = "<group>"; };
		BC2CB0341E1B9A48002AFF6B /* Info.plist */ = {isa = PBXFileReference; lastKnownFileType = text.plist.xml; path = Info.plist; sourceTree = "<group>"; };
/* End PBXFileReference section */

/* Begin PBXFrameworksBuildPhase section */
		BC2CB0071E1B9A46002AFF6B /* Frameworks */ = {
			isa = PBXFrameworksBuildPhase;
			buildActionMask = 2147483647;
			files = (
			);
			runOnlyForDeploymentPostprocessing = 0;
		};
		BC2CB0201E1B9A48002AFF6B /* Frameworks */ = {
			isa = PBXFrameworksBuildPhase;
			buildActionMask = 2147483647;
			files = (
			);
			runOnlyForDeploymentPostprocessing = 0;
		};
		BC2CB02B1E1B9A48002AFF6B /* Frameworks */ = {
			isa = PBXFrameworksBuildPhase;
			buildActionMask = 2147483647;
			files = (
			);
			runOnlyForDeploymentPostprocessing = 0;
		};
/* End PBXFrameworksBuildPhase section */

/* Begin PBXGroup section */
		BC2CB0011E1B9A45002AFF6B = {
			isa = PBXGroup;
			children = (
				BC2CB00C1E1B9A46002AFF6B /* ggliLive */,
				BC2CB0261E1B9A48002AFF6B /* ggliLiveTests */,
				BC2CB0311E1B9A48002AFF6B /* ggliLiveUITests */,
				BC2CB00B1E1B9A46002AFF6B /* Products */,
			);
			sourceTree = "<group>";
		};
		BC2CB00B1E1B9A46002AFF6B /* Products */ = {
			isa = PBXGroup;
			children = (
				BC2CB00A1E1B9A46002AFF6B /* ggliLive.app */,
				BC2CB0231E1B9A48002AFF6B /* ggliLiveTests.xctest */,
				BC2CB02E1E1B9A48002AFF6B /* ggliLiveUITests.xctest */,
			);
			name = Products;
			sourceTree = "<group>";
		};
		BC2CB00C1E1B9A46002AFF6B /* ggliLive */ = {
			isa = PBXGroup;
			children = (
				BC2CB0101E1B9A46002AFF6B /* AppDelegate.h */,
				BC2CB0111E1B9A46002AFF6B /* AppDelegate.m */,
				BC2CB0131E1B9A46002AFF6B /* ViewController.h */,
				BC2CB0141E1B9A46002AFF6B /* ViewController.m */,
				BC2CB0161E1B9A46002AFF6B /* Main.storyboard */,
				BC2CB0191E1B9A47002AFF6B /* Assets.xcassets */,
				BC2CB01B1E1B9A47002AFF6B /* LaunchScreen.storyboard */,
				BC2CB01E1E1B9A47002AFF6B /* Info.plist */,
				BC2CB00D1E1B9A46002AFF6B /* Supporting Files */,
			);
			path = ggliLive;
			sourceTree = "<group>";
		};
		BC2CB00D1E1B9A46002AFF6B /* Supporting Files */ = {
			isa = PBXGroup;
			children = (
				BC2CB00E1E1B9A46002AFF6B /* main.m */,
			);
			name = "Supporting Files";
			sourceTree = "<group>";
		};
		BC2CB0261E1B9A48002AFF6B /* ggliLiveTests */ = {
			isa = PBXGroup;
			children = (
				BC2CB0271E1B9A48002AFF6B /* ggliLiveTests.m */,
				BC2CB0291E1B9A48002AFF6B /* Info.plist */,
			);
			path = ggliLiveTests;
			sourceTree = "<group>";
		};
		BC2CB0311E1B9A48002AFF6B /* ggliLiveUITests */ = {
			isa = PBXGroup;
			children = (
				BC2CB0321E1B9A48002AFF6B /* ggliLiveUITests.m */,
				BC2CB0341E1B9A48002AFF6B /* Info.plist */,
			);
			path = ggliLiveUITests;
			sourceTree = "<group>";
		};
/* End PBXGroup section */

/* Begin PBXNativeTarget section */
		BC2CB0091E1B9A46002AFF6B /* ggliLive */ = {
			isa = PBXNativeTarget;
			buildConfigurationList = BC2CB0371E1B9A48002AFF6B /* Build configuration list for PBXNativeTarget "ggliLive" */;
			buildPhases = (
				BC2CB0061E1B9A46002AFF6B /* Sources */,
				BC2CB0071E1B9A46002AFF6B /* Frameworks */,
				BC2CB0081E1B9A46002AFF6B /* Resources */,
			);
			buildRules = (
			);
			dependencies = (
			);
			name = ggliLive;
			productName = ggliLive;
			productReference = BC2CB00A1E1B9A46002AFF6B /* ggliLive.app */;
			productType = "com.apple.product-type.application";
		};
		BC2CB0221E1B9A48002AFF6B /* ggliLiveTests */ = {
			isa = PBXNativeTarget;
			buildConfigurationList = BC2CB03A1E1B9A48002AFF6B /* Build configuration list for PBXNativeTarget "ggliLiveTests" */;
			buildPhases = (
				BC2CB01F1E1B9A48002AFF6B /* Sources */,
				BC2CB0201E1B9A48002AFF6B /* Frameworks */,
				BC2CB0211E1B9A48002AFF6B /* Resources */,
			);
			buildRules = (
			);
			dependencies = (
				BC2CB0251E1B9A48002AFF6B /* PBXTargetDependency */,
			);
			name = ggliLiveTests;
			productName = ggliLiveTests;
			productReference = BC2CB0231E1B9A48002AFF6B /* ggliLiveTests.xctest */;
			productType = "com.apple.product-type.bundle.unit-test";
		};
		BC2CB02D1E1B9A48002AFF6B /* ggliLiveUITests */ = {
			isa = PBXNativeTarget;
			buildConfigurationList = BC2CB03D1E1B9A48002AFF6B /* Build configuration list for PBXNativeTarget "ggliLiveUITests" */;
			buildPhases = (
				BC2CB02A1E1B9A48002AFF6B /* Sources */,
				BC2CB02B1E1B9A48002AFF6B /* Frameworks */,
				BC2CB02C1E1B9A48002AFF6B /* Resources */,
			);
			buildRules = (
			);
			dependencies = (
				BC2CB0301E1B9A48002AFF6B /* PBXTargetDependency */,
			);
			name = ggliLiveUITests;
			productName = ggliLiveUITests;
			productReference = BC2CB02E1E1B9A48002AFF6B /* ggliLiveUITests.xctest */;
			productType = "com.apple.product-type.bundle.ui-testing";
		};
/* End PBXNativeTarget section */

/* Begin PBXProject section */
		BC2CB0021E1B9A45002AFF6B /* Project object */ = {
			isa = PBXProject;
			attributes = {
				LastUpgradeCheck = 0800;
				ORGANIZATIONNAME = "xianglin li";
				TargetAttributes = {
					BC2CB0091E1B9A46002AFF6B = {
						CreatedOnToolsVersion = 8.0;
						DevelopmentTeam = N9X4ZMGLZ8;
						ProvisioningStyle = Automatic;
					};
					BC2CB0221E1B9A48002AFF6B = {
						CreatedOnToolsVersion = 8.0;
						ProvisioningStyle = Automatic;
						TestTargetID = BC2CB0091E1B9A46002AFF6B;
					};
					BC2CB02D1E1B9A48002AFF6B = {
						CreatedOnToolsVersion = 8.0;
						ProvisioningStyle = Automatic;
						TestTargetID = BC2CB0091E1B9A46002AFF6B;
					};
				};
			};
			buildConfigurationList = BC2CB0051E1B9A45002AFF6B /* Build configuration list for PBXProject "ggliLive" */;
			compatibilityVersion = "Xcode 3.2";
			developmentRegion = English;
			hasScannedForEncodings = 0;
			knownRegions = (
				en,
				Base,
			);
			mainGroup = BC2CB0011E1B9A45002AFF6B;
			productRefGroup = BC2CB00B1E1B9A46002AFF6B /* Products */;
			projectDirPath = "";
			projectRoot = "";
			targets = (
				BC2CB0091E1B9A46002AFF6B /* ggliLive */,
				BC2CB0221E1B9A48002AFF6B /* ggliLiveTests */,
				BC2CB02D1E1B9A48002AFF6B /* ggliLiveUITests */,
			);
		};
/* End PBXProject section */

/* Begin PBXResourcesBuildPhase section */
		BC2CB0081E1B9A46002AFF6B /* Resources */ = {
			isa = PBXResourcesBuildPhase;
			buildActionMask = 2147483647;
			files = (
				BC2CB01D1E1B9A47002AFF6B /* LaunchScreen.storyboard in Resources */,
				BC2CB01A1E1B9A47002AFF6B /* Assets.xcassets in Resources */,
				BC2CB0181E1B9A46002AFF6B /* Main.storyboard in Resources */,
			);
			runOnlyForDeploymentPostprocessing = 0;
		};
		BC2CB0211E1B9A48002AFF6B /* Resources */ = {
			isa = PBXResourcesBuildPhase;
			buildActionMask = 2147483647;
			files = (
			);
			runOnlyForDeploymentPostprocessing = 0;
		};
		BC2CB02C1E1B9A48002AFF6B /* Resources */ = {
			isa = PBXResourcesBuildPhase;
			buildActionMask = 2147483647;
			files = (
			);
			runOnlyForDeploymentPostprocessing = 0;
		};
/* End PBXResourcesBuildPhase section */

/* Begin PBXSourcesBuildPhase section */
		BC2CB0061E1B9A46002AFF6B /* Sources */ = {
			isa = PBXSourcesBuildPhase;
			buildActionMask = 2147483647;
			files = (
				BC2CB0151E1B9A46002AFF6B /* ViewController.m in Sources */,
				BC2CB0121E1B9A46002AFF6B /* AppDelegate.m in Sources */,
				BC2CB00F1E1B9A46002AFF6B /* main.m in Sources */,
			);
			runOnlyForDeploymentPostprocessing = 0;
		};
		BC2CB01F1E1B9A48002AFF6B /* Sources */ = {
			isa = PBXSourcesBuildPhase;
			buildActionMask = 2147483647;
			files = (
				BC2CB0281E1B9A48002AFF6B /* ggliLiveTests.m in Sources */,
			);
			runOnlyForDeploymentPostprocessing = 0;
		};
		BC2CB02A1E1B9A48002AFF6B /* Sources */ = {
			isa = PBXSourcesBuildPhase;
			buildActionMask = 2147483647;
			files = (
				BC2CB0331E1B9A48002AFF6B /* ggliLiveUITests.m in Sources */,
			);
			runOnlyForDeploymentPostprocessing = 0;
		};
/* End PBXSourcesBuildPhase section */

/* Begin PBXTargetDependency section */
		BC2CB0251E1B9A48002AFF6B /* PBXTargetDependency */ = {
			isa = PBXTargetDependency;
			target = BC2CB0091E1B9A46002AFF6B /* ggliLive */;
			targetProxy = BC2CB0241E1B9A48002AFF6B /* PBXContainerItemProxy */;
		};
		BC2CB0301E1B9A48002AFF6B /* PBXTargetDependency */ = {
			isa = PBXTargetDependency;
			target = BC2CB0091E1B9A46002AFF6B /* ggliLive */;
			targetProxy = BC2CB02F1E1B9A48002AFF6B /* PBXContainerItemProxy */;
		};
/* End PBXTargetDependency section */

/* Begin PBXVariantGroup section */
		BC2CB0161E1B9A46002AFF6B /* Main.storyboard */ = {
			isa = PBXVariantGroup;
			children = (
				BC2CB0171E1B9A46002AFF6B /* Base */,
			);
			name = Main.storyboard;
			sourceTree = "<group>";
		};
		BC2CB01B1E1B9A47002AFF6B /* LaunchScreen.storyboard */ = {
			isa = PBXVariantGroup;
			children = (
				BC2CB01C1E1B9A47002AFF6B /* Base */,
			);
			name = LaunchScreen.storyboard;
			sourceTree = "<group>";
		};
/* End PBXVariantGroup section */

/* Begin XCBuildConfiguration section */
		BC2CB0351E1B9A48002AFF6B /* Debug */ = {
			isa = XCBuildConfiguration;
			buildSettings = {
				ALWAYS_SEARCH_USER_PATHS = NO;
				CLANG_ANALYZER_NONNULL = YES;
				CLANG_CXX_LANGUAGE_STANDARD = "gnu++0x";
				CLANG_CXX_LIBRARY = "libc++";
				CLANG_ENABLE_MODULES = YES;
				CLANG_ENABLE_OBJC_ARC = YES;
				CLANG_WARN_BOOL_CONVERSION = YES;
				CLANG_WARN_CONSTANT_CONVERSION = YES;
				CLANG_WARN_DIRECT_OBJC_ISA_USAGE = YES_ERROR;
				CLANG_WARN_DOCUMENTATION_COMMENTS = YES;
				CLANG_WARN_EMPTY_BODY = YES;
				CLANG_WARN_ENUM_CONVERSION = YES;
				CLANG_WARN_INFINITE_RECURSION = YES;
				CLANG_WARN_INT_CONVERSION = YES;
				CLANG_WARN_OBJC_ROOT_CLASS = YES_ERROR;
				CLANG_WARN_SUSPICIOUS_MOVES = YES;
				CLANG_WARN_UNREACHABLE_CODE = YES;
				CLANG_WARN__DUPLICATE_METHOD_MATCH = YES;
				"CODE_SIGN_IDENTITY[sdk=iphoneos*]" = "iPhone Developer";
				COPY_PHASE_STRIP = NO;
				DEBUG_INFORMATION_FORMAT = dwarf;
				ENABLE_STRICT_OBJC_MSGSEND = YES;
				ENABLE_TESTABILITY = YES;
				GCC_C_LANGUAGE_STANDARD = gnu99;
				GCC_DYNAMIC_NO_PIC = NO;
				GCC_NO_COMMON_BLOCKS = YES;
				GCC_OPTIMIZATION_LEVEL = 0;
				GCC_PREPROCESSOR_DEFINITIONS = (
					"DEBUG=1",
					"$(inherited)",
				);
				GCC_WARN_64_TO_32_BIT_CONVERSION = YES;
				GCC_WARN_ABOUT_RETURN_TYPE = YES_ERROR;
				GCC_WARN_UNDECLARED_SELECTOR = YES;
				GCC_WARN_UNINITIALIZED_AUTOS = YES_AGGRESSIVE;
				GCC_WARN_UNUSED_FUNCTION = YES;
				GCC_WARN_UNUSED_VARIABLE = YES;
				IPHONEOS_DEPLOYMENT_TARGET = 10.0;
				MTL_ENABLE_DEBUG_INFO = YES;
				ONLY_ACTIVE_ARCH = YES;
				SDKROOT = iphoneos;
				TARGETED_DEVICE_FAMILY = "1,2";
			};
			name = Debug;
		};
		BC2CB0361E1B9A48002AFF6B /* Release */ = {
			isa = XCBuildConfiguration;
			buildSettings = {
				ALWAYS_SEARCH_USER_PATHS = NO;
				CLANG_ANALYZER_NONNULL = YES;
				CLANG_CXX_LANGUAGE_STANDARD = "gnu++0x";
				CLANG_CXX_LIBRARY = "libc++";
				CLANG_ENABLE_MODULES = YES;
				CLANG_ENABLE_OBJC_ARC = YES;
				CLANG_WARN_BOOL_CONVERSION = YES;
				CLANG_WARN_CONSTANT_CONVERSION = YES;
				CLANG_WARN_DIRECT_OBJC_ISA_USAGE = YES_ERROR;
				CLANG_WARN_DOCUMENTATION_COMMENTS = YES;
				CLANG_WARN_EMPTY_BODY = YES;
				CLANG_WARN_ENUM_CONVERSION = YES;
				CLANG_WARN_INFINITE_RECURSION = YES;
				CLANG_WARN_INT_CONVERSION = YES;
				CLANG_WARN_OBJC_ROOT_CLASS = YES_ERROR;
				CLANG_WARN_SUSPICIOUS_MOVES = YES;
				CLANG_WARN_UNREACHABLE_CODE = YES;
				CLANG_WARN__DUPLICATE_METHOD_MATCH = YES;
				"CODE_SIGN_IDENTITY[sdk=iphoneos*]" = "iPhone Developer";
				COPY_PHASE_STRIP = NO;
				DEBUG_INFORMATION_FORMAT = "dwarf-with-dsym";
				ENABLE_NS_ASSERTIONS = NO;
				ENABLE_STRICT_OBJC_MSGSEND = YES;
				GCC_C_LANGUAGE_STANDARD = gnu99;
				GCC_NO_COMMON_BLOCKS = YES;
				GCC_WARN_64_TO_32_BIT_CONVERSION = YES;
				GCC_WARN_ABOUT_RETURN_TYPE = YES_ERROR;
				GCC_WARN_UNDECLARED_SELECTOR = YES;
				GCC_WARN_UNINITIALIZED_AUTOS = YES_AGGRESSIVE;
				GCC_WARN_UNUSED_FUNCTION = YES;
				GCC_WARN_UNUSED_VARIABLE = YES;
				IPHONEOS_DEPLOYMENT_TARGET = 10.0;
				MTL_ENABLE_DEBUG_INFO = NO;
				SDKROOT = iphoneos;
				TARGETED_DEVICE_FAMILY = "1,2";
				VALIDATE_PRODUCT = YES;
			};
			name = Release;
		};
		BC2CB0381E1B9A48002AFF6B /* Debug */ = {
			isa = XCBuildConfiguration;
			buildSettings = {
				ASSETCATALOG_COMPILER_APPICON_NAME = AppIcon;
				DEVELOPMENT_TEAM = N9X4ZMGLZ8;
				INFOPLIST_FILE = ggliLive/Info.plist;
				LD_RUNPATH_SEARCH_PATHS = "$(inherited) @executable_path/Frameworks";
				PRODUCT_BUNDLE_IDENTIFIER = "ZTE-ggli.ggliLive";
				PRODUCT_NAME = "$(TARGET_NAME)";
			};
			name = Debug;
		};
		BC2CB0391E1B9A48002AFF6B /* Release */ = {
			isa = XCBuildConfiguration;
			buildSettings = {
				ASSETCATALOG_COMPILER_APPICON_NAME = AppIcon;
				DEVELOPMENT_TEAM = N9X4ZMGLZ8;
				INFOPLIST_FILE = ggliLive/Info.plist;
				LD_RUNPATH_SEARCH_PATHS = "$(inherited) @executable_path/Frameworks";
				PRODUCT_BUNDLE_IDENTIFIER = "ZTE-ggli.ggliLive";
				PRODUCT_NAME = "$(TARGET_NAME)";
			};
			name = Release;
		};
		BC2CB03B1E1B9A48002AFF6B /* Debug */ = {
			isa = XCBuildConfiguration;
			buildSettings = {
				BUNDLE_LOADER = "$(TEST_HOST)";
				INFOPLIST_FILE = ggliLiveTests/Info.plist;
				LD_RUNPATH_SEARCH_PATHS = "$(inherited) @executable_path/Frameworks @loader_path/Frameworks";
				PRODUCT_BUNDLE_IDENTIFIER = "ZTE-ggli.ggliLiveTests";
				PRODUCT_NAME = "$(TARGET_NAME)";
				TEST_HOST = "$(BUILT_PRODUCTS_DIR)/ggliLive.app/ggliLive";
			};
			name = Debug;
		};
		BC2CB03C1E1B9A48002AFF6B /* Release */ = {
			isa = XCBuildConfiguration;
			buildSettings = {
				BUNDLE_LOADER = "$(TEST_HOST)";
				INFOPLIST_FILE = ggliLiveTests/Info.plist;
				LD_RUNPATH_SEARCH_PATHS = "$(inherited) @executable_path/Frameworks @loader_path/Frameworks";
				PRODUCT_BUNDLE_IDENTIFIER = "ZTE-ggli.ggliLiveTests";
				PRODUCT_NAME = "$(TARGET_NAME)";
				TEST_HOST = "$(BUILT_PRODUCTS_DIR)/ggliLive.app/ggliLive";
			};
			name = Release;
		};
		BC2CB03E1E1B9A48002AFF6B /* Debug */ = {
			isa = XCBuildConfiguration;
			buildSettings = {
				INFOPLIST_FILE = ggliLiveUITests/Info.plist;
				LD_RUNPATH_SEARCH_PATHS = "$(inherited) @executable_path/Frameworks @loader_path/Frameworks";
				PRODUCT_BUNDLE_IDENTIFIER = "ZTE-ggli.ggliLiveUITests";
				PRODUCT_NAME = "$(TARGET_NAME)";
				TEST_TARGET_NAME = ggliLive;
			};
			name = Debug;
		};
		BC2CB03F1E1B9A48002AFF6B /* Release */ = {
			isa = XCBuildConfiguration;
			buildSettings = {
				INFOPLIST_FILE = ggliLiveUITests/Info.plist;
				LD_RUNPATH_SEARCH_PATHS = "$(inherited) @executable_path/Frameworks @loader_path/Frameworks";
				PRODUCT_BUNDLE_IDENTIFIER = "ZTE-ggli.ggliLiveUITests";
				PRODUCT_NAME = "$(TARGET_NAME)";
				TEST_TARGET_NAME = ggliLive;
			};
			name = Release;
		};
/* End XCBuildConfiguration section */

/* Begin XCConfigurationList section */
		BC2CB0051E1B9A45002AFF6B /* Build configuration list for PBXProject "ggliLive" */ = {
			isa = XCConfigurationList;
			buildConfigurations = (
				BC2CB0351E1B9A48002AFF6B /* Debug */,
				BC2CB0361E1B9A48002AFF6B /* Release */,
			);
			defaultConfigurationIsVisible = 0;
			defaultConfigurationName = Release;
		};
		BC2CB0371E1B9A48002AFF6B /* Build configuration list for PBXNativeTarget "ggliLive" */ = {
			isa = XCConfigurationList;
			buildConfigurations = (
				BC2CB0381E1B9A48002AFF6B /* Debug */,
				BC2CB0391E1B9A48002AFF6B /* Release */,
			);
			defaultConfigurationIsVisible = 0;
		};
		BC2CB03A1E1B9A48002AFF6B /* Build configuration list for PBXNativeTarget "ggliLiveTests" */ = {
			isa = XCConfigurationList;
			buildConfigurations = (
				BC2CB03B1E1B9A48002AFF6B /* Debug */,
				BC2CB03C1E1B9A48002AFF6B /* Release */,
			);
			defaultConfigurationIsVisible = 0;
		};
		BC2CB03D1E1B9A48002AFF6B /* Build configuration list for PBXNativeTarget "ggliLiveUITests" */ = {
			isa = XCConfigurationList;
			buildConfigurations = (
				BC2CB03E1E1B9A48002AFF6B /* Debug */,
				BC2CB03F1E1B9A48002AFF6B /* Release */,
			);
			defaultConfigurationIsVisible = 0;
		};
/* End XCConfigurationList section */
	};
	rootObject = BC2CB0021E1B9A45002AFF6B /* Project object */;
}
